
Microsoft Visual Studio Solution File, Format Version 12.00
# Visual Studio Version 16
VisualStudioVersion = 16.0.30517.126
MinimumVisualStudioVersion = 10.0.40219.1
Project("{9A19103F-16F7-4668-BE54-9A1E7A4F7556}") = "FirstProject", "FirstProject.csproj", "{0BB8EEB1-2D57-43B9-AC99-A5B59030A341}"
EndProject
Global
	GlobalSection(SolutionConfigurationPlatforms) = preSolution
		Debug|Any CPU = Debug|Any CPU
		Release|Any CPU = Release|Any CPU
	EndGlobalSection
	GlobalSection(ProjectConfigurationPlatforms) = postSolution
		{0BB8EEB1-2D57-43B9-AC99-A5B59030A341}.Debug|Any CPU.ActiveCfg = Debug|Any CPU
		{0BB8EEB1-2D57-43B9-AC99-A5B59030A341}.Debug|Any CPU.Build.0 = Debug|Any CPU
		{0BB8EEB1-2D57-43B9-AC99-A5B59030A341}.Release|Any CPU.ActiveCfg = Release|Any CPU
		{0BB8EEB1-2D57-43B9-AC99-A5B59030A341}.Release|Any CPU.Build.0 = Release|Any CPU
	EndGlobalSection
	GlobalSection(SolutionProperties) = preSolution
		HideSolutionNode = FALSE
	EndGlobalSection
	GlobalSection(ExtensibilityGlobals) = postSolution
		SolutionGuid = {D2313469-B0DC-4510-B1C4-7635C28865D9}
	EndGlobalSection
EndGlobal
